
Microsoft Visual Studio Solution File, Format Version 12.00
# Visual Studio Version 17
VisualStudioVersion = 17.5.33424.131
MinimumVisualStudioVersion = 10.0.40219.1
Project("{FAE04EC0-301F-11D3-BF4B-00C04F79EFBC}") = "CA230314", "CA230314.csproj", "{B72FBED7-A42F-44DD-B8C7-AC76F3AAC3F8}"
EndProject
Global
	GlobalSection(SolutionConfigurationPlatforms) = preSolution
		Debug|Any CPU = Debug|Any CPU
		Release|Any CPU = Release|Any CPU
	EndGlobalSection
	GlobalSection(ProjectConfigurationPlatforms) = postSolution
		{B72FBED7-A42F-44DD-B8C7-AC76F3AAC3F8}.Debug|Any CPU.ActiveCfg = Debug|Any CPU
		{B72FBED7-A42F-44DD-B8C7-AC76F3AAC3F8}.Debug|Any CPU.Build.0 = Debug|Any CPU
		{B72FBED7-A42F-44DD-B8C7-AC76F3AAC3F8}.Release|Any CPU.ActiveCfg = Release|Any CPU
		{B72FBED7-A42F-44DD-B8C7-AC76F3AAC3F8}.Release|Any CPU.Build.0 = Release|Any CPU
	EndGlobalSection
	GlobalSection(SolutionProperties) = preSolution
		HideSolutionNode = FALSE
	EndGlobalSection
	GlobalSection(ExtensibilityGlobals) = postSolution
		SolutionGuid = {D84FF4FE-05C9-4536-A9BB-A51E84D8D9F3}
	EndGlobalSection
EndGlobal
